
Microsoft Visual Studio Solution File, Format Version 12.00
# Visual Studio Version 17
VisualStudioVersion = 17.11.35312.102
MinimumVisualStudioVersion = 10.0.40219.1
Project("{2150E333-8FDC-42A3-9474-1A3956D46DE8}") = "Services", "Services", "{9C5AADC6-86D6-4C78-B8B2-C423D44C4202}"
EndProject
Project("{2150E333-8FDC-42A3-9474-1A3956D46DE8}") = "Catalog", "Catalog", "{EFADDCC2-F7E0-4470-8461-373C264A8717}"
EndProject
Project("{9A19103F-16F7-4668-BE54-9A1E7A4F7556}") = "Catalog.API", "Services\Catalog\Catalog.API\Catalog.API.csproj", "{1C11D3CD-3D19-4305-B839-AE64E719752A}"
EndProject
Project("{2150E333-8FDC-42A3-9474-1A3956D46DE8}") = "BuildingBlocks", "BuildingBlocks", "{AB436B07-66AC-4B0C-8139-20D39CBA19DA}"
EndProject
Project("{9A19103F-16F7-4668-BE54-9A1E7A4F7556}") = "BuildingBlocks", "BuildingBlocks\BuildingBlocks\BuildingBlocks.csproj", "{E601862D-F95E-4B35-BEDE-8D0DFADBEB17}"
EndProject
Project("{E53339B2-1760-4266-BCC7-CA923CBCF16C}") = "docker-compose", "docker-compose.dcproj", "{C965B71C-A8A7-44C4-99D1-37C03EE02672}"
EndProject
Project("{2150E333-8FDC-42A3-9474-1A3956D46DE8}") = "Basket", "Basket", "{5EB515CD-9A32-4136-A873-BE0588466860}"
EndProject
Project("{9A19103F-16F7-4668-BE54-9A1E7A4F7556}") = "Basket.API", "Services\Basket\Basket.API\Basket.API.csproj", "{99888B2D-15DE-45BD-B8C0-1DD12C06FF3D}"
EndProject
Project("{2150E333-8FDC-42A3-9474-1A3956D46DE8}") = "Discount", "Discount", "{80FC786E-41AC-4559-A672-8FCA935C21E1}"
EndProject
Project("{9A19103F-16F7-4668-BE54-9A1E7A4F7556}") = "Discount.Grpc", "Services\Discount\Discount.Grpc\Discount.Grpc.csproj", "{A94C19C4-A567-4140-90FE-6F10CB154028}"
EndProject
Project("{2150E333-8FDC-42A3-9474-1A3956D46DE8}") = "Ordering", "Ordering", "{F082F369-12C7-4666-B7DF-98CD1685CC7A}"
EndProject
Project("{9A19103F-16F7-4668-BE54-9A1E7A4F7556}") = "Ordering.API", "Services\Ordering\Ordering.API\Ordering.API.csproj", "{87078606-F810-48BA-B504-2D0194474E61}"
EndProject
Project("{9A19103F-16F7-4668-BE54-9A1E7A4F7556}") = "Ordering.Domain", "Services\Ordering\Ordering.Domain\Ordering.Domain.csproj", "{A03BE163-05B7-446A-9A85-E65115AE45C0}"
EndProject
Project("{9A19103F-16F7-4668-BE54-9A1E7A4F7556}") = "Ordering.Application", "Services\Ordering\Ordering.Application\Ordering.Application.csproj", "{4B0F7B04-5695-47D5-978C-175927B6698B}"
EndProject
Project("{9A19103F-16F7-4668-BE54-9A1E7A4F7556}") = "Ordering.Infrustructure", "Services\Ordering\Ordering.Infrustructure\Ordering.Infrustructure.csproj", "{55CE9A76-A1D8-42EC-97C4-358EE1736F30}"
EndProject
Project("{FAE04EC0-301F-11D3-BF4B-00C04F79EFBC}") = "BuildingBlocks.Messaging", "BuildingBlocks\BuildingBlocks.Messaging\BuildingBlocks.Messaging.csproj", "{A0B97AF7-BC9C-4327-90E3-E48839A1DD1B}"
EndProject
Global
	GlobalSection(SolutionConfigurationPlatforms) = preSolution
		Debug|Any CPU = Debug|Any CPU
		Release|Any CPU = Release|Any CPU
	EndGlobalSection
	GlobalSection(ProjectConfigurationPlatforms) = postSolution
		{1C11D3CD-3D19-4305-B839-AE64E719752A}.Debug|Any CPU.ActiveCfg = Debug|Any CPU
		{1C11D3CD-3D19-4305-B839-AE64E719752A}.Debug|Any CPU.Build.0 = Debug|Any CPU
		{1C11D3CD-3D19-4305-B839-AE64E719752A}.Release|Any CPU.ActiveCfg = Release|Any CPU
		{1C11D3CD-3D19-4305-B839-AE64E719752A}.Release|Any CPU.Build.0 = Release|Any CPU
		{E601862D-F95E-4B35-BEDE-8D0DFADBEB17}.Debug|Any CPU.ActiveCfg = Debug|Any CPU
		{E601862D-F95E-4B35-BEDE-8D0DFADBEB17}.Debug|Any CPU.Build.0 = Debug|Any CPU
		{E601862D-F95E-4B35-BEDE-8D0DFADBEB17}.Release|Any CPU.ActiveCfg = Release|Any CPU
		{E601862D-F95E-4B35-BEDE-8D0DFADBEB17}.Release|Any CPU.Build.0 = Release|Any CPU
		{C965B71C-A8A7-44C4-99D1-37C03EE02672}.Debug|Any CPU.ActiveCfg = Debug|Any CPU
		{C965B71C-A8A7-44C4-99D1-37C03EE02672}.Debug|Any CPU.Build.0 = Debug|Any CPU
		{C965B71C-A8A7-44C4-99D1-37C03EE02672}.Release|Any CPU.ActiveCfg = Release|Any CPU
		{C965B71C-A8A7-44C4-99D1-37C03EE02672}.Release|Any CPU.Build.0 = Release|Any CPU
		{99888B2D-15DE-45BD-B8C0-1DD12C06FF3D}.Debug|Any CPU.ActiveCfg = Debug|Any CPU
		{99888B2D-15DE-45BD-B8C0-1DD12C06FF3D}.Debug|Any CPU.Build.0 = Debug|Any CPU
		{99888B2D-15DE-45BD-B8C0-1DD12C06FF3D}.Release|Any CPU.ActiveCfg = Release|Any CPU
		{99888B2D-15DE-45BD-B8C0-1DD12C06FF3D}.Release|Any CPU.Build.0 = Release|Any CPU
		{A94C19C4-A567-4140-90FE-6F10CB154028}.Debug|Any CPU.ActiveCfg = Debug|Any CPU
		{A94C19C4-A567-4140-90FE-6F10CB154028}.Debug|Any CPU.Build.0 = Debug|Any CPU
		{A94C19C4-A567-4140-90FE-6F10CB154028}.Release|Any CPU.ActiveCfg = Release|Any CPU
		{A94C19C4-A567-4140-90FE-6F10CB154028}.Release|Any CPU.Build.0 = Release|Any CPU
		{87078606-F810-48BA-B504-2D0194474E61}.Debug|Any CPU.ActiveCfg = Debug|Any CPU
		{87078606-F810-48BA-B504-2D0194474E61}.Debug|Any CPU.Build.0 = Debug|Any CPU
		{87078606-F810-48BA-B504-2D0194474E61}.Release|Any CPU.ActiveCfg = Release|Any CPU
		{87078606-F810-48BA-B504-2D0194474E61}.Release|Any CPU.Build.0 = Release|Any CPU
		{A03BE163-05B7-446A-9A85-E65115AE45C0}.Debug|Any CPU.ActiveCfg = Debug|Any CPU
		{A03BE163-05B7-446A-9A85-E65115AE45C0}.Debug|Any CPU.Build.0 = Debug|Any CPU
		{A03BE163-05B7-446A-9A85-E65115AE45C0}.Release|Any CPU.ActiveCfg = Release|Any CPU
		{A03BE163-05B7-446A-9A85-E65115AE45C0}.Release|Any CPU.Build.0 = Release|Any CPU
		{4B0F7B04-5695-47D5-978C-175927B6698B}.Debug|Any CPU.ActiveCfg = Debug|Any CPU
		{4B0F7B04-5695-47D5-978C-175927B6698B}.Debug|Any CPU.Build.0 = Debug|Any CPU
		{4B0F7B04-5695-47D5-978C-175927B6698B}.Release|Any CPU.ActiveCfg = Release|Any CPU
		{4B0F7B04-5695-47D5-978C-175927B6698B}.Release|Any CPU.Build.0 = Release|Any CPU
		{55CE9A76-A1D8-42EC-97C4-358EE1736F30}.Debug|Any CPU.ActiveCfg = Debug|Any CPU
		{55CE9A76-A1D8-42EC-97C4-358EE1736F30}.Debug|Any CPU.Build.0 = Debug|Any CPU
		{55CE9A76-A1D8-42EC-97C4-358EE1736F30}.Release|Any CPU.ActiveCfg = Release|Any CPU
		{55CE9A76-A1D8-42EC-97C4-358EE1736F30}.Release|Any CPU.Build.0 = Release|Any CPU
		{A0B97AF7-BC9C-4327-90E3-E48839A1DD1B}.Debug|Any CPU.ActiveCfg = Debug|Any CPU
		{A0B97AF7-BC9C-4327-90E3-E48839A1DD1B}.Debug|Any CPU.Build.0 = Debug|Any CPU
		{A0B97AF7-BC9C-4327-90E3-E48839A1DD1B}.Release|Any CPU.ActiveCfg = Release|Any CPU
		{A0B97AF7-BC9C-4327-90E3-E48839A1DD1B}.Release|Any CPU.Build.0 = Release|Any CPU
	EndGlobalSection
	GlobalSection(SolutionProperties) = preSolution
		HideSolutionNode = FALSE
	EndGlobalSection
	GlobalSection(NestedProjects) = preSolution
		{EFADDCC2-F7E0-4470-8461-373C264A8717} = {9C5AADC6-86D6-4C78-B8B2-C423D44C4202}
		{1C11D3CD-3D19-4305-B839-AE64E719752A} = {EFADDCC2-F7E0-4470-8461-373C264A8717}
		{E601862D-F95E-4B35-BEDE-8D0DFADBEB17} = {AB436B07-66AC-4B0C-8139-20D39CBA19DA}
		{5EB515CD-9A32-4136-A873-BE0588466860} = {9C5AADC6-86D6-4C78-B8B2-C423D44C4202}
		{99888B2D-15DE-45BD-B8C0-1DD12C06FF3D} = {5EB515CD-9A32-4136-A873-BE0588466860}
		{80FC786E-41AC-4559-A672-8FCA935C21E1} = {9C5AADC6-86D6-4C78-B8B2-C423D44C4202}
		{A94C19C4-A567-4140-90FE-6F10CB154028} = {80FC786E-41AC-4559-A672-8FCA935C21E1}
		{F082F369-12C7-4666-B7DF-98CD1685CC7A} = {9C5AADC6-86D6-4C78-B8B2-C423D44C4202}
		{87078606-F810-48BA-B504-2D0194474E61} = {F082F369-12C7-4666-B7DF-98CD1685CC7A}
		{A03BE163-05B7-446A-9A85-E65115AE45C0} = {F082F369-12C7-4666-B7DF-98CD1685CC7A}
		{4B0F7B04-5695-47D5-978C-175927B6698B} = {F082F369-12C7-4666-B7DF-98CD1685CC7A}
		{55CE9A76-A1D8-42EC-97C4-358EE1736F30} = {F082F369-12C7-4666-B7DF-98CD1685CC7A}
		{A0B97AF7-BC9C-4327-90E3-E48839A1DD1B} = {AB436B07-66AC-4B0C-8139-20D39CBA19DA}
	EndGlobalSection
	GlobalSection(ExtensibilityGlobals) = postSolution
		SolutionGuid = {41A550D7-776D-467D-BDFA-375F483652ED}
	EndGlobalSection
EndGlobal
